// !$*UTF8*$!
{
	archiveVersion = 1;
	classes = {
	};
	objectVersion = 51;
	objects = {

/* Begin PBXBuildFile section */
		2900616A25DF56E000A5CD0E /* Profile.storyboard in Resources */ = {isa = PBXBuildFile; fileRef = 2900616925DF56E000A5CD0E /* Profile.storyboard */; };
		2900616D25DF56F400A5CD0E /* Matches.storyboard in Resources */ = {isa = PBXBuildFile; fileRef = 2900616C25DF56F400A5CD0E /* Matches.storyboard */; };
		2900617425DF574E00A5CD0E /* MatchesViewController.swift in Sources */ = {isa = PBXBuildFile; fileRef = 2900617325DF574E00A5CD0E /* MatchesViewController.swift */; };
		2900617725DF575E00A5CD0E /* ProfileViewController.swift in Sources */ = {isa = PBXBuildFile; fileRef = 2900617625DF575E00A5CD0E /* ProfileViewController.swift */; };
		29123F8225D73E2D00924C61 /* Search.storyboard in Resources */ = {isa = PBXBuildFile; fileRef = 29123F8125D73E2D00924C61 /* Search.storyboard */; };
		29123F8525D73E4D00924C61 /* SearchViewController.swift in Sources */ = {isa = PBXBuildFile; fileRef = 29123F8425D73E4D00924C61 /* SearchViewController.swift */; };
		29198AEC25E4682E0027FBD7 /* APICaller.swift in Sources */ = {isa = PBXBuildFile; fileRef = 29198AEB25E4682E0027FBD7 /* APICaller.swift */; };
		29198AF025E4683A0027FBD7 /* AuthManager.swift in Sources */ = {isa = PBXBuildFile; fileRef = 29198AEF25E4683A0027FBD7 /* AuthManager.swift */; };
		29198AF325E46EBD0027FBD7 /* AuthViewController.swift in Sources */ = {isa = PBXBuildFile; fileRef = 29198AF225E46EBD0027FBD7 /* AuthViewController.swift */; };
		2926613725E48E18000AE731 /* AuthResponse.swift in Sources */ = {isa = PBXBuildFile; fileRef = 2926613625E48E18000AE731 /* AuthResponse.swift */; };
		2946A80025D25BC600049044 /* GoogleService-Info.plist in Resources */ = {isa = PBXBuildFile; fileRef = 2946A7FF25D25BC600049044 /* GoogleService-Info.plist */; };
		2946A81725D25C7500049044 /* Login.storyboard in Resources */ = {isa = PBXBuildFile; fileRef = 2946A81625D25C7500049044 /* Login.storyboard */; };
		2946A81A25D25CA900049044 /* LoginViewController.swift in Sources */ = {isa = PBXBuildFile; fileRef = 2946A81925D25CA900049044 /* LoginViewController.swift */; };
		294917232614D22300D8A59D /* Message.swift in Sources */ = {isa = PBXBuildFile; fileRef = 294917222614D22300D8A59D /* Message.swift */; };
		294917262614E35200D8A59D /* Sender.swift in Sources */ = {isa = PBXBuildFile; fileRef = 294917252614E35200D8A59D /* Sender.swift */; };
		295BCC7925E4C96200730AE8 /* RankedTrack.swift in Sources */ = {isa = PBXBuildFile; fileRef = 295BCC7825E4C96200730AE8 /* RankedTrack.swift */; };
		296CEDB72606E563004EC5D4 /* MatchCell.swift in Sources */ = {isa = PBXBuildFile; fileRef = 296CEDB62606E563004EC5D4 /* MatchCell.swift */; };
		296CEE0626070F3E004EC5D4 /* MessagingViewController.swift in Sources */ = {isa = PBXBuildFile; fileRef = 296CEE0526070F3E004EC5D4 /* MessagingViewController.swift */; };
		2988EED325F8874100DADBFF /* CustomAnnotation.swift in Sources */ = {isa = PBXBuildFile; fileRef = 2988EED225F8874100DADBFF /* CustomAnnotation.swift */; };
		29AB211C25D5F70F00D8246D /* CurrentTrack.swift in Sources */ = {isa = PBXBuildFile; fileRef = 29AB211B25D5F70F00D8246D /* CurrentTrack.swift */; };
		29AB212025D5F8FE00D8246D /* SignUpViewController.swift in Sources */ = {isa = PBXBuildFile; fileRef = 29AB211F25D5F8FE00D8246D /* SignUpViewController.swift */; };
		29EC2CA725D259C2009DA806 /* AppDelegate.swift in Sources */ = {isa = PBXBuildFile; fileRef = 29EC2CA625D259C2009DA806 /* AppDelegate.swift */; };
		29EC2CA925D259C2009DA806 /* SceneDelegate.swift in Sources */ = {isa = PBXBuildFile; fileRef = 29EC2CA825D259C2009DA806 /* SceneDelegate.swift */; };
		29EC2CAB25D259C2009DA806 /* ViewController.swift in Sources */ = {isa = PBXBuildFile; fileRef = 29EC2CAA25D259C2009DA806 /* ViewController.swift */; };
		29EC2CAE25D259C2009DA806 /* Main.storyboard in Resources */ = {isa = PBXBuildFile; fileRef = 29EC2CAC25D259C2009DA806 /* Main.storyboard */; };
		29EC2CB025D259C4009DA806 /* Assets.xcassets in Resources */ = {isa = PBXBuildFile; fileRef = 29EC2CAF25D259C4009DA806 /* Assets.xcassets */; };
		29EC2CB325D259C4009DA806 /* LaunchScreen.storyboard in Resources */ = {isa = PBXBuildFile; fileRef = 29EC2CB125D259C4009DA806 /* LaunchScreen.storyboard */; };
		80C0AA27648266C108BA4A82 /* Pods_groov.framework in Frameworks */ = {isa = PBXBuildFile; fileRef = CEC253F733D7E4B8ECED22B5 /* Pods_groov.framework */; };
/* End PBXBuildFile section */

/* Begin PBXFileReference section */
		2900616925DF56E000A5CD0E /* Profile.storyboard */ = {isa = PBXFileReference; lastKnownFileType = file.storyboard; path = Profile.storyboard; sourceTree = "<group>"; };
		2900616C25DF56F400A5CD0E /* Matches.storyboard */ = {isa = PBXFileReference; lastKnownFileType = file.storyboard; path = Matches.storyboard; sourceTree = "<group>"; };
		2900617325DF574E00A5CD0E /* MatchesViewController.swift */ = {isa = PBXFileReference; lastKnownFileType = sourcecode.swift; path = MatchesViewController.swift; sourceTree = "<group>"; };
		2900617625DF575E00A5CD0E /* ProfileViewController.swift */ = {isa = PBXFileReference; lastKnownFileType = sourcecode.swift; path = ProfileViewController.swift; sourceTree = "<group>"; };
		29123F8125D73E2D00924C61 /* Search.storyboard */ = {isa = PBXFileReference; lastKnownFileType = file.storyboard; path = Search.storyboard; sourceTree = "<group>"; };
		29123F8425D73E4D00924C61 /* SearchViewController.swift */ = {isa = PBXFileReference; lastKnownFileType = sourcecode.swift; path = SearchViewController.swift; sourceTree = "<group>"; };
		29198AEB25E4682E0027FBD7 /* APICaller.swift */ = {isa = PBXFileReference; lastKnownFileType = sourcecode.swift; path = APICaller.swift; sourceTree = "<group>"; };
		29198AEF25E4683A0027FBD7 /* AuthManager.swift */ = {isa = PBXFileReference; lastKnownFileType = sourcecode.swift; path = AuthManager.swift; sourceTree = "<group>"; };
		29198AF225E46EBD0027FBD7 /* AuthViewController.swift */ = {isa = PBXFileReference; lastKnownFileType = sourcecode.swift; path = AuthViewController.swift; sourceTree = "<group>"; };
		2926613625E48E18000AE731 /* AuthResponse.swift */ = {isa = PBXFileReference; lastKnownFileType = sourcecode.swift; path = AuthResponse.swift; sourceTree = "<group>"; };
		2946A7FF25D25BC600049044 /* GoogleService-Info.plist */ = {isa = PBXFileReference; fileEncoding = 4; lastKnownFileType = text.plist.xml; path = "GoogleService-Info.plist"; sourceTree = "<group>"; };
		2946A81625D25C7500049044 /* Login.storyboard */ = {isa = PBXFileReference; lastKnownFileType = file.storyboard; path = Login.storyboard; sourceTree = "<group>"; };
		2946A81925D25CA900049044 /* LoginViewController.swift */ = {isa = PBXFileReference; lastKnownFileType = sourcecode.swift; path = LoginViewController.swift; sourceTree = "<group>"; };
		294917222614D22300D8A59D /* Message.swift */ = {isa = PBXFileReference; lastKnownFileType = sourcecode.swift; path = Message.swift; sourceTree = "<group>"; };
		294917252614E35200D8A59D /* Sender.swift */ = {isa = PBXFileReference; lastKnownFileType = sourcecode.swift; path = Sender.swift; sourceTree = "<group>"; };
		295BCC7825E4C96200730AE8 /* RankedTrack.swift */ = {isa = PBXFileReference; lastKnownFileType = sourcecode.swift; path = RankedTrack.swift; sourceTree = "<group>"; };
		296CEDB62606E563004EC5D4 /* MatchCell.swift */ = {isa = PBXFileReference; lastKnownFileType = sourcecode.swift; path = MatchCell.swift; sourceTree = "<group>"; };
		296CEE0526070F3E004EC5D4 /* MessagingViewController.swift */ = {isa = PBXFileReference; lastKnownFileType = sourcecode.swift; path = MessagingViewController.swift; sourceTree = "<group>"; };
		2988EED225F8874100DADBFF /* CustomAnnotation.swift */ = {isa = PBXFileReference; lastKnownFileType = sourcecode.swift; path = CustomAnnotation.swift; sourceTree = "<group>"; };
		29AB211B25D5F70F00D8246D /* CurrentTrack.swift */ = {isa = PBXFileReference; lastKnownFileType = sourcecode.swift; path = CurrentTrack.swift; sourceTree = "<group>"; };
		29AB211F25D5F8FE00D8246D /* SignUpViewController.swift */ = {isa = PBXFileReference; lastKnownFileType = sourcecode.swift; path = SignUpViewController.swift; sourceTree = "<group>"; };
		29EC2CA325D259C2009DA806 /* groov.app */ = {isa = PBXFileReference; explicitFileType = wrapper.application; includeInIndex = 0; path = groov.app; sourceTree = BUILT_PRODUCTS_DIR; };
		29EC2CA625D259C2009DA806 /* AppDelegate.swift */ = {isa = PBXFileReference; lastKnownFileType = sourcecode.swift; path = AppDelegate.swift; sourceTree = "<group>"; };
		29EC2CA825D259C2009DA806 /* SceneDelegate.swift */ = {isa = PBXFileReference; lastKnownFileType = sourcecode.swift; path = SceneDelegate.swift; sourceTree = "<group>"; };
		29EC2CAA25D259C2009DA806 /* ViewController.swift */ = {isa = PBXFileReference; lastKnownFileType = sourcecode.swift; path = ViewController.swift; sourceTree = "<group>"; };
		29EC2CAD25D259C2009DA806 /* Base */ = {isa = PBXFileReference; lastKnownFileType = file.storyboard; name = Base; path = Base.lproj/Main.storyboard; sourceTree = "<group>"; };
		29EC2CAF25D259C4009DA806 /* Assets.xcassets */ = {isa = PBXFileReference; lastKnownFileType = folder.assetcatalog; path = Assets.xcassets; sourceTree = "<group>"; };
		29EC2CB225D259C4009DA806 /* Base */ = {isa = PBXFileReference; lastKnownFileType = file.storyboard; name = Base; path = Base.lproj/LaunchScreen.storyboard; sourceTree = "<group>"; };
		29EC2CB425D259C4009DA806 /* Info.plist */ = {isa = PBXFileReference; lastKnownFileType = text.plist.xml; path = Info.plist; sourceTree = "<group>"; };
		7F68B191AF0B94760CD21900 /* Pods-groov.release.xcconfig */ = {isa = PBXFileReference; includeInIndex = 1; lastKnownFileType = text.xcconfig; name = "Pods-groov.release.xcconfig"; path = "Target Support Files/Pods-groov/Pods-groov.release.xcconfig"; sourceTree = "<group>"; };
		985A2CE139C6DE7865ED12E7 /* Pods-groov.debug.xcconfig */ = {isa = PBXFileReference; includeInIndex = 1; lastKnownFileType = text.xcconfig; name = "Pods-groov.debug.xcconfig"; path = "Target Support Files/Pods-groov/Pods-groov.debug.xcconfig"; sourceTree = "<group>"; };
		CEC253F733D7E4B8ECED22B5 /* Pods_groov.framework */ = {isa = PBXFileReference; explicitFileType = wrapper.framework; includeInIndex = 0; path = Pods_groov.framework; sourceTree = BUILT_PRODUCTS_DIR; };
/* End PBXFileReference section */

/* Begin PBXFrameworksBuildPhase section */
		29EC2CA025D259C2009DA806 /* Frameworks */ = {
			isa = PBXFrameworksBuildPhase;
			buildActionMask = 2147483647;
			files = (
				80C0AA27648266C108BA4A82 /* Pods_groov.framework in Frameworks */,
			);
			runOnlyForDeploymentPostprocessing = 0;
		};
/* End PBXFrameworksBuildPhase section */

/* Begin PBXGroup section */
		29198AEA25E468230027FBD7 /* Managers */ = {
			isa = PBXGroup;
			children = (
				29198AEB25E4682E0027FBD7 /* APICaller.swift */,
				29198AEF25E4683A0027FBD7 /* AuthManager.swift */,
			);
			path = Managers;
			sourceTree = "<group>";
		};
		2946A81425D25C3E00049044 /* Storyboards */ = {
			isa = PBXGroup;
			children = (
				29EC2CAC25D259C2009DA806 /* Main.storyboard */,
				29EC2CB125D259C4009DA806 /* LaunchScreen.storyboard */,
				2946A81625D25C7500049044 /* Login.storyboard */,
				29123F8125D73E2D00924C61 /* Search.storyboard */,
				2900616C25DF56F400A5CD0E /* Matches.storyboard */,
				2900616925DF56E000A5CD0E /* Profile.storyboard */,
			);
			path = Storyboards;
			sourceTree = "<group>";
		};
		2946A81525D25C4800049044 /* Controllers */ = {
			isa = PBXGroup;
			children = (
				29EC2CAA25D259C2009DA806 /* ViewController.swift */,
				2946A81925D25CA900049044 /* LoginViewController.swift */,
				29AB211F25D5F8FE00D8246D /* SignUpViewController.swift */,
				29123F8425D73E4D00924C61 /* SearchViewController.swift */,
				2900617325DF574E00A5CD0E /* MatchesViewController.swift */,
				2900617625DF575E00A5CD0E /* ProfileViewController.swift */,
				29198AF225E46EBD0027FBD7 /* AuthViewController.swift */,
				296CEE0526070F3E004EC5D4 /* MessagingViewController.swift */,
			);
			path = Controllers;
			sourceTree = "<group>";
		};
		29AB211A25D5F6F800D8246D /* Models */ = {
			isa = PBXGroup;
			children = (
				2988EED225F8874100DADBFF /* CustomAnnotation.swift */,
				29AB211B25D5F70F00D8246D /* CurrentTrack.swift */,
				2926613625E48E18000AE731 /* AuthResponse.swift */,
				295BCC7825E4C96200730AE8 /* RankedTrack.swift */,
				296CEDB62606E563004EC5D4 /* MatchCell.swift */,
				294917222614D22300D8A59D /* Message.swift */,
				294917252614E35200D8A59D /* Sender.swift */,
			);
			path = Models;
			sourceTree = "<group>";
		};
		29D2AC1525E4D00D00089DFF /* Delegates */ = {
			isa = PBXGroup;
			children = (
				29EC2CA625D259C2009DA806 /* AppDelegate.swift */,
				29EC2CA825D259C2009DA806 /* SceneDelegate.swift */,
			);
			path = Delegates;
			sourceTree = "<group>";
		};
		29EC2C9A25D259C2009DA806 = {
			isa = PBXGroup;
			children = (
				29EC2CA525D259C2009DA806 /* groov */,
				29EC2CA425D259C2009DA806 /* Products */,
				CBABAC7932F5FF91AB33730E /* Pods */,
				C2ACD394180672AED9CCE6CD /* Frameworks */,
			);
			sourceTree = "<group>";
		};
		29EC2CA425D259C2009DA806 /* Products */ = {
			isa = PBXGroup;
			children = (
				29EC2CA325D259C2009DA806 /* groov.app */,
			);
			name = Products;
			sourceTree = "<group>";
		};
		29EC2CA525D259C2009DA806 /* groov */ = {
			isa = PBXGroup;
			children = (
				29198AEA25E468230027FBD7 /* Managers */,
				29D2AC1525E4D00D00089DFF /* Delegates */,
				29AB211A25D5F6F800D8246D /* Models */,
				2946A81525D25C4800049044 /* Controllers */,
				29EC2CAF25D259C4009DA806 /* Assets.xcassets */,
				2946A81425D25C3E00049044 /* Storyboards */,
				29EC2CB425D259C4009DA806 /* Info.plist */,
				2946A7FF25D25BC600049044 /* GoogleService-Info.plist */,
			);
			path = groov;
			sourceTree = "<group>";
		};
		C2ACD394180672AED9CCE6CD /* Frameworks */ = {
			isa = PBXGroup;
			children = (
				CEC253F733D7E4B8ECED22B5 /* Pods_groov.framework */,
			);
			name = Frameworks;
			sourceTree = "<group>";
		};
		CBABAC7932F5FF91AB33730E /* Pods */ = {
			isa = PBXGroup;
			children = (
				985A2CE139C6DE7865ED12E7 /* Pods-groov.debug.xcconfig */,
				7F68B191AF0B94760CD21900 /* Pods-groov.release.xcconfig */,
			);
			path = Pods;
			sourceTree = "<group>";
		};
/* End PBXGroup section */

/* Begin PBXNativeTarget section */
		29EC2CA225D259C2009DA806 /* groov */ = {
			isa = PBXNativeTarget;
			buildConfigurationList = 29EC2CB725D259C4009DA806 /* Build configuration list for PBXNativeTarget "groov" */;
			buildPhases = (
				CF24EC51DD6CD093245D982C /* [CP] Check Pods Manifest.lock */,
				29EC2C9F25D259C2009DA806 /* Sources */,
				29EC2CA025D259C2009DA806 /* Frameworks */,
				29EC2CA125D259C2009DA806 /* Resources */,
				9D31B82B0A7C867C757D0830 /* [CP] Embed Pods Frameworks */,
				855A63E6EA64F2F1447F6150 /* [CP] Copy Pods Resources */,
			);
			buildRules = (
			);
			dependencies = (
			);
			name = groov;
			productName = groov;
			productReference = 29EC2CA325D259C2009DA806 /* groov.app */;
			productType = "com.apple.product-type.application";
		};
/* End PBXNativeTarget section */

/* Begin PBXProject section */
		29EC2C9B25D259C2009DA806 /* Project object */ = {
			isa = PBXProject;
			attributes = {
				LastSwiftUpdateCheck = 1240;
				LastUpgradeCheck = 1240;
				TargetAttributes = {
					29EC2CA225D259C2009DA806 = {
						CreatedOnToolsVersion = 12.4;
					};
				};
			};
			buildConfigurationList = 29EC2C9E25D259C2009DA806 /* Build configuration list for PBXProject "groov" */;
			compatibilityVersion = "Xcode 9.3";
			developmentRegion = en;
			hasScannedForEncodings = 0;
			knownRegions = (
				en,
				Base,
			);
			mainGroup = 29EC2C9A25D259C2009DA806;
			productRefGroup = 29EC2CA425D259C2009DA806 /* Products */;
			projectDirPath = "";
			projectRoot = "";
			targets = (
				29EC2CA225D259C2009DA806 /* groov */,
			);
		};
/* End PBXProject section */

/* Begin PBXResourcesBuildPhase section */
		29EC2CA125D259C2009DA806 /* Resources */ = {
			isa = PBXResourcesBuildPhase;
			buildActionMask = 2147483647;
			files = (
				29EC2CB325D259C4009DA806 /* LaunchScreen.storyboard in Resources */,
				2946A80025D25BC600049044 /* GoogleService-Info.plist in Resources */,
				29EC2CB025D259C4009DA806 /* Assets.xcassets in Resources */,
				29123F8225D73E2D00924C61 /* Search.storyboard in Resources */,
				2946A81725D25C7500049044 /* Login.storyboard in Resources */,
				2900616A25DF56E000A5CD0E /* Profile.storyboard in Resources */,
				2900616D25DF56F400A5CD0E /* Matches.storyboard in Resources */,
				29EC2CAE25D259C2009DA806 /* Main.storyboard in Resources */,
			);
			runOnlyForDeploymentPostprocessing = 0;
		};
/* End PBXResourcesBuildPhase section */

/* Begin PBXShellScriptBuildPhase section */
		855A63E6EA64F2F1447F6150 /* [CP] Copy Pods Resources */ = {
			isa = PBXShellScriptBuildPhase;
			buildActionMask = 2147483647;
			files = (
			);
			inputFileListPaths = (
				"${PODS_ROOT}/Target Support Files/Pods-groov/Pods-groov-resources-${CONFIGURATION}-input-files.xcfilelist",
			);
			name = "[CP] Copy Pods Resources";
			outputFileListPaths = (
				"${PODS_ROOT}/Target Support Files/Pods-groov/Pods-groov-resources-${CONFIGURATION}-output-files.xcfilelist",
			);
			runOnlyForDeploymentPostprocessing = 0;
			shellPath = /bin/sh;
			shellScript = "\"${PODS_ROOT}/Target Support Files/Pods-groov/Pods-groov-resources.sh\"\n";
			showEnvVarsInLog = 0;
		};
		9D31B82B0A7C867C757D0830 /* [CP] Embed Pods Frameworks */ = {
			isa = PBXShellScriptBuildPhase;
			buildActionMask = 2147483647;
			files = (
			);
			inputFileListPaths = (
				"${PODS_ROOT}/Target Support Files/Pods-groov/Pods-groov-frameworks-${CONFIGURATION}-input-files.xcfilelist",
			);
			name = "[CP] Embed Pods Frameworks";
			outputFileListPaths = (
				"${PODS_ROOT}/Target Support Files/Pods-groov/Pods-groov-frameworks-${CONFIGURATION}-output-files.xcfilelist",
			);
			runOnlyForDeploymentPostprocessing = 0;
			shellPath = /bin/sh;
			shellScript = "\"${PODS_ROOT}/Target Support Files/Pods-groov/Pods-groov-frameworks.sh\"\n";
			showEnvVarsInLog = 0;
		};
		CF24EC51DD6CD093245D982C /* [CP] Check Pods Manifest.lock */ = {
			isa = PBXShellScriptBuildPhase;
			buildActionMask = 2147483647;
			files = (
			);
			inputFileListPaths = (
			);
			inputPaths = (
				"${PODS_PODFILE_DIR_PATH}/Podfile.lock",
				"${PODS_ROOT}/Manifest.lock",
			);
			name = "[CP] Check Pods Manifest.lock";
			outputFileListPaths = (
			);
			outputPaths = (
				"$(DERIVED_FILE_DIR)/Pods-groov-checkManifestLockResult.txt",
			);
			runOnlyForDeploymentPostprocessing = 0;
			shellPath = /bin/sh;
			shellScript = "diff \"${PODS_PODFILE_DIR_PATH}/Podfile.lock\" \"${PODS_ROOT}/Manifest.lock\" > /dev/null\nif [ $? != 0 ] ; then\n    # print error to STDERR\n    echo \"error: The sandbox is not in sync with the Podfile.lock. Run 'pod install' or update your CocoaPods installation.\" >&2\n    exit 1\nfi\n# This output is used by Xcode 'outputs' to avoid re-running this script phase.\necho \"SUCCESS\" > \"${SCRIPT_OUTPUT_FILE_0}\"\n";
			showEnvVarsInLog = 0;
		};
/* End PBXShellScriptBuildPhase section */

/* Begin PBXSourcesBuildPhase section */
		29EC2C9F25D259C2009DA806 /* Sources */ = {
			isa = PBXSourcesBuildPhase;
			buildActionMask = 2147483647;
			files = (
				29AB212025D5F8FE00D8246D /* SignUpViewController.swift in Sources */,
				29198AF025E4683A0027FBD7 /* AuthManager.swift in Sources */,
				295BCC7925E4C96200730AE8 /* RankedTrack.swift in Sources */,
				294917262614E35200D8A59D /* Sender.swift in Sources */,
				294917232614D22300D8A59D /* Message.swift in Sources */,
				2946A81A25D25CA900049044 /* LoginViewController.swift in Sources */,
				2900617425DF574E00A5CD0E /* MatchesViewController.swift in Sources */,
				2926613725E48E18000AE731 /* AuthResponse.swift in Sources */,
				2988EED325F8874100DADBFF /* CustomAnnotation.swift in Sources */,
				296CEDB72606E563004EC5D4 /* MatchCell.swift in Sources */,
				29EC2CAB25D259C2009DA806 /* ViewController.swift in Sources */,
				29EC2CA725D259C2009DA806 /* AppDelegate.swift in Sources */,
				296CEE0626070F3E004EC5D4 /* MessagingViewController.swift in Sources */,
				29AB211C25D5F70F00D8246D /* CurrentTrack.swift in Sources */,
				29198AF325E46EBD0027FBD7 /* AuthViewController.swift in Sources */,
				2900617725DF575E00A5CD0E /* ProfileViewController.swift in Sources */,
				29198AEC25E4682E0027FBD7 /* APICaller.swift in Sources */,
				29123F8525D73E4D00924C61 /* SearchViewController.swift in Sources */,
				29EC2CA925D259C2009DA806 /* SceneDelegate.swift in Sources */,
			);
			runOnlyForDeploymentPostprocessing = 0;
		};
/* End PBXSourcesBuildPhase section */

/* Begin PBXVariantGroup section */
		29EC2CAC25D259C2009DA806 /* Main.storyboard */ = {
			isa = PBXVariantGroup;
			children = (
				29EC2CAD25D259C2009DA806 /* Base */,
			);
			name = Main.storyboard;
			sourceTree = "<group>";
		};
		29EC2CB125D259C4009DA806 /* LaunchScreen.storyboard */ = {
			isa = PBXVariantGroup;
			children = (
				29EC2CB225D259C4009DA806 /* Base */,
			);
			name = LaunchScreen.storyboard;
			sourceTree = "<group>";
		};
/* End PBXVariantGroup section */

/* Begin XCBuildConfiguration section */
		29EC2CB525D259C4009DA806 /* Debug */ = {
			isa = XCBuildConfiguration;
			buildSettings = {
				ALWAYS_SEARCH_USER_PATHS = NO;
				CLANG_ANALYZER_NONNULL = YES;
				CLANG_ANALYZER_NUMBER_OBJECT_CONVERSION = YES_AGGRESSIVE;
				CLANG_CXX_LANGUAGE_STANDARD = "gnu++14";
				CLANG_CXX_LIBRARY = "libc++";
				CLANG_ENABLE_MODULES = YES;
				CLANG_ENABLE_OBJC_ARC = YES;
				CLANG_ENABLE_OBJC_WEAK = YES;
				CLANG_WARN_BLOCK_CAPTURE_AUTORELEASING = YES;
				CLANG_WARN_BOOL_CONVERSION = YES;
				CLANG_WARN_COMMA = YES;
				CLANG_WARN_CONSTANT_CONVERSION = YES;
				CLANG_WARN_DEPRECATED_OBJC_IMPLEMENTATIONS = YES;
				CLANG_WARN_DIRECT_OBJC_ISA_USAGE = YES_ERROR;
				CLANG_WARN_DOCUMENTATION_COMMENTS = YES;
				CLANG_WARN_EMPTY_BODY = YES;
				CLANG_WARN_ENUM_CONVERSION = YES;
				CLANG_WARN_INFINITE_RECURSION = YES;
				CLANG_WARN_INT_CONVERSION = YES;
				CLANG_WARN_NON_LITERAL_NULL_CONVERSION = YES;
				CLANG_WARN_OBJC_IMPLICIT_RETAIN_SELF = YES;
				CLANG_WARN_OBJC_LITERAL_CONVERSION = YES;
				CLANG_WARN_OBJC_ROOT_CLASS = YES_ERROR;
				CLANG_WARN_QUOTED_INCLUDE_IN_FRAMEWORK_HEADER = YES;
				CLANG_WARN_RANGE_LOOP_ANALYSIS = YES;
				CLANG_WARN_STRICT_PROTOTYPES = YES;
				CLANG_WARN_SUSPICIOUS_MOVE = YES;
				CLANG_WARN_UNGUARDED_AVAILABILITY = YES_AGGRESSIVE;
				CLANG_WARN_UNREACHABLE_CODE = YES;
				CLANG_WARN__DUPLICATE_METHOD_MATCH = YES;
				COPY_PHASE_STRIP = NO;
				DEBUG_INFORMATION_FORMAT = dwarf;
				ENABLE_STRICT_OBJC_MSGSEND = YES;
				ENABLE_TESTABILITY = YES;
				GCC_C_LANGUAGE_STANDARD = gnu11;
				GCC_DYNAMIC_NO_PIC = NO;
				GCC_NO_COMMON_BLOCKS = YES;
				GCC_OPTIMIZATION_LEVEL = 0;
				GCC_PREPROCESSOR_DEFINITIONS = (
					"DEBUG=1",
					"$(inherited)",
				);
				GCC_WARN_64_TO_32_BIT_CONVERSION = YES;
				GCC_WARN_ABOUT_RETURN_TYPE = YES_ERROR;
				GCC_WARN_UNDECLARED_SELECTOR = YES;
				GCC_WARN_UNINITIALIZED_AUTOS = YES_AGGRESSIVE;
				GCC_WARN_UNUSED_FUNCTION = YES;
				GCC_WARN_UNUSED_VARIABLE = YES;
				IPHONEOS_DEPLOYMENT_TARGET = 14.4;
				MTL_ENABLE_DEBUG_INFO = INCLUDE_SOURCE;
				MTL_FAST_MATH = YES;
				ONLY_ACTIVE_ARCH = YES;
				SDKROOT = iphoneos;
				SWIFT_ACTIVE_COMPILATION_CONDITIONS = DEBUG;
				SWIFT_OPTIMIZATION_LEVEL = "-Onone";
			};
			name = Debug;
		};
		29EC2CB625D259C4009DA806 /* Release */ = {
			isa = XCBuildConfiguration;
			buildSettings = {
				ALWAYS_SEARCH_USER_PATHS = NO;
				CLANG_ANALYZER_NONNULL = YES;
				CLANG_ANALYZER_NUMBER_OBJECT_CONVERSION = YES_AGGRESSIVE;
				CLANG_CXX_LANGUAGE_STANDARD = "gnu++14";
				CLANG_CXX_LIBRARY = "libc++";
				CLANG_ENABLE_MODULES = YES;
				CLANG_ENABLE_OBJC_ARC = YES;
				CLANG_ENABLE_OBJC_WEAK = YES;
				CLANG_WARN_BLOCK_CAPTURE_AUTORELEASING = YES;
				CLANG_WARN_BOOL_CONVERSION = YES;
				CLANG_WARN_COMMA = YES;
				CLANG_WARN_CONSTANT_CONVERSION = YES;
				CLANG_WARN_DEPRECATED_OBJC_IMPLEMENTATIONS = YES;
				CLANG_WARN_DIRECT_OBJC_ISA_USAGE = YES_ERROR;
				CLANG_WARN_DOCUMENTATION_COMMENTS = YES;
				CLANG_WARN_EMPTY_BODY = YES;
				CLANG_WARN_ENUM_CONVERSION = YES;
				CLANG_WARN_INFINITE_RECURSION = YES;
				CLANG_WARN_INT_CONVERSION = YES;
				CLANG_WARN_NON_LITERAL_NULL_CONVERSION = YES;
				CLANG_WARN_OBJC_IMPLICIT_RETAIN_SELF = YES;
				CLANG_WARN_OBJC_LITERAL_CONVERSION = YES;
				CLANG_WARN_OBJC_ROOT_CLASS = YES_ERROR;
				CLANG_WARN_QUOTED_INCLUDE_IN_FRAMEWORK_HEADER = YES;
				CLANG_WARN_RANGE_LOOP_ANALYSIS = YES;
				CLANG_WARN_STRICT_PROTOTYPES = YES;
				CLANG_WARN_SUSPICIOUS_MOVE = YES;
				CLANG_WARN_UNGUARDED_AVAILABILITY = YES_AGGRESSIVE;
				CLANG_WARN_UNREACHABLE_CODE = YES;
				CLANG_WARN__DUPLICATE_METHOD_MATCH = YES;
				COPY_PHASE_STRIP = NO;
				DEBUG_INFORMATION_FORMAT = "dwarf-with-dsym";
				ENABLE_NS_ASSERTIONS = NO;
				ENABLE_STRICT_OBJC_MSGSEND = YES;
				GCC_C_LANGUAGE_STANDARD = gnu11;
				GCC_NO_COMMON_BLOCKS = YES;
				GCC_WARN_64_TO_32_BIT_CONVERSION = YES;
				GCC_WARN_ABOUT_RETURN_TYPE = YES_ERROR;
				GCC_WARN_UNDECLARED_SELECTOR = YES;
				GCC_WARN_UNINITIALIZED_AUTOS = YES_AGGRESSIVE;
				GCC_WARN_UNUSED_FUNCTION = YES;
				GCC_WARN_UNUSED_VARIABLE = YES;
				IPHONEOS_DEPLOYMENT_TARGET = 14.4;
				MTL_ENABLE_DEBUG_INFO = NO;
				MTL_FAST_MATH = YES;
				SDKROOT = iphoneos;
				SWIFT_COMPILATION_MODE = wholemodule;
				SWIFT_OPTIMIZATION_LEVEL = "-O";
				VALIDATE_PRODUCT = YES;
			};
			name = Release;
		};
		29EC2CB825D259C4009DA806 /* Debug */ = {
			isa = XCBuildConfiguration;
			baseConfigurationReference = 985A2CE139C6DE7865ED12E7 /* Pods-groov.debug.xcconfig */;
			buildSettings = {
				ASSETCATALOG_COMPILER_APPICON_NAME = AppIcon;
				ASSETCATALOG_COMPILER_GLOBAL_ACCENT_COLOR_NAME = AccentColor;
				CODE_SIGN_STYLE = Automatic;
				DEVELOPMENT_TEAM = UG77KBGJ78;
				INFOPLIST_FILE = groov/Info.plist;
				LD_RUNPATH_SEARCH_PATHS = (
					"$(inherited)",
					"@executable_path/Frameworks",
				);
				PRODUCT_BUNDLE_IDENTIFIER = cpsc490.groov;
				PRODUCT_NAME = "$(TARGET_NAME)";
				SWIFT_VERSION = 5.0;
				TARGETED_DEVICE_FAMILY = "1,2";
			};
			name = Debug;
		};
		29EC2CB925D259C4009DA806 /* Release */ = {
			isa = XCBuildConfiguration;
			baseConfigurationReference = 7F68B191AF0B94760CD21900 /* Pods-groov.release.xcconfig */;
			buildSettings = {
				ASSETCATALOG_COMPILER_APPICON_NAME = AppIcon;
				ASSETCATALOG_COMPILER_GLOBAL_ACCENT_COLOR_NAME = AccentColor;
				CODE_SIGN_STYLE = Automatic;
				DEVELOPMENT_TEAM = UG77KBGJ78;
				INFOPLIST_FILE = groov/Info.plist;
				LD_RUNPATH_SEARCH_PATHS = (
					"$(inherited)",
					"@executable_path/Frameworks",
				);
				PRODUCT_BUNDLE_IDENTIFIER = cpsc490.groov;
				PRODUCT_NAME = "$(TARGET_NAME)";
				SWIFT_VERSION = 5.0;
				TARGETED_DEVICE_FAMILY = "1,2";
			};
			name = Release;
		};
/* End XCBuildConfiguration section */

/* Begin XCConfigurationList section */
		29EC2C9E25D259C2009DA806 /* Build configuration list for PBXProject "groov" */ = {
			isa = XCConfigurationList;
			buildConfigurations = (
				29EC2CB525D259C4009DA806 /* Debug */,
				29EC2CB625D259C4009DA806 /* Release */,
			);
			defaultConfigurationIsVisible = 0;
			defaultConfigurationName = Release;
		};
		29EC2CB725D259C4009DA806 /* Build configuration list for PBXNativeTarget "groov" */ = {
			isa = XCConfigurationList;
			buildConfigurations = (
				29EC2CB825D259C4009DA806 /* Debug */,
				29EC2CB925D259C4009DA806 /* Release */,
			);
			defaultConfigurationIsVisible = 0;
			defaultConfigurationName = Release;
		};
/* End XCConfigurationList section */
	};
	rootObject = 29EC2C9B25D259C2009DA806 /* Project object */;
}
